
Microsoft Visual Studio Solution File, Format Version 12.00
# Visual Studio 15
VisualStudioVersion = 15.0.26124.0
MinimumVisualStudioVersion = 15.0.26124.0
Project("{FAE04EC0-301F-11D3-BF4B-00C04F79EFBC}") = "CalculateurDeChaine", "src\CalculateurDeChaine.csproj", "{3088C4D6-7638-4192-B1F8-95A63330A31D}"
EndProject
Project("{FAE04EC0-301F-11D3-BF4B-00C04F79EFBC}") = "CalculateurDeChaine.Test", "test\CalculateurDeChaine.Test.csproj", "{3A0F25A6-9CC9-4077-A94A-959F54191B72}"
EndProject
Global
	GlobalSection(SolutionConfigurationPlatforms) = preSolution
		Debug|Any CPU = Debug|Any CPU
		Debug|x64 = Debug|x64
		Debug|x86 = Debug|x86
		Release|Any CPU = Release|Any CPU
		Release|x64 = Release|x64
		Release|x86 = Release|x86
	EndGlobalSection
	GlobalSection(SolutionProperties) = preSolution
		HideSolutionNode = FALSE
	EndGlobalSection
	GlobalSection(ProjectConfigurationPlatforms) = postSolution
		{3088C4D6-7638-4192-B1F8-95A63330A31D}.Debug|Any CPU.ActiveCfg = Debug|Any CPU
		{3088C4D6-7638-4192-B1F8-95A63330A31D}.Debug|Any CPU.Build.0 = Debug|Any CPU
		{3088C4D6-7638-4192-B1F8-95A63330A31D}.Debug|x64.ActiveCfg = Debug|Any CPU
		{3088C4D6-7638-4192-B1F8-95A63330A31D}.Debug|x64.Build.0 = Debug|Any CPU
		{3088C4D6-7638-4192-B1F8-95A63330A31D}.Debug|x86.ActiveCfg = Debug|Any CPU
		{3088C4D6-7638-4192-B1F8-95A63330A31D}.Debug|x86.Build.0 = Debug|Any CPU
		{3088C4D6-7638-4192-B1F8-95A63330A31D}.Release|Any CPU.ActiveCfg = Release|Any CPU
		{3088C4D6-7638-4192-B1F8-95A63330A31D}.Release|Any CPU.Build.0 = Release|Any CPU
		{3088C4D6-7638-4192-B1F8-95A63330A31D}.Release|x64.ActiveCfg = Release|Any CPU
		{3088C4D6-7638-4192-B1F8-95A63330A31D}.Release|x64.Build.0 = Release|Any CPU
		{3088C4D6-7638-4192-B1F8-95A63330A31D}.Release|x86.ActiveCfg = Release|Any CPU
		{3088C4D6-7638-4192-B1F8-95A63330A31D}.Release|x86.Build.0 = Release|Any CPU
		{3A0F25A6-9CC9-4077-A94A-959F54191B72}.Debug|Any CPU.ActiveCfg = Debug|Any CPU
		{3A0F25A6-9CC9-4077-A94A-959F54191B72}.Debug|Any CPU.Build.0 = Debug|Any CPU
		{3A0F25A6-9CC9-4077-A94A-959F54191B72}.Debug|x64.ActiveCfg = Debug|Any CPU
		{3A0F25A6-9CC9-4077-A94A-959F54191B72}.Debug|x64.Build.0 = Debug|Any CPU
		{3A0F25A6-9CC9-4077-A94A-959F54191B72}.Debug|x86.ActiveCfg = Debug|Any CPU
		{3A0F25A6-9CC9-4077-A94A-959F54191B72}.Debug|x86.Build.0 = Debug|Any CPU
		{3A0F25A6-9CC9-4077-A94A-959F54191B72}.Release|Any CPU.ActiveCfg = Release|Any CPU
		{3A0F25A6-9CC9-4077-A94A-959F54191B72}.Release|Any CPU.Build.0 = Release|Any CPU
		{3A0F25A6-9CC9-4077-A94A-959F54191B72}.Release|x64.ActiveCfg = Release|Any CPU
		{3A0F25A6-9CC9-4077-A94A-959F54191B72}.Release|x64.Build.0 = Release|Any CPU
		{3A0F25A6-9CC9-4077-A94A-959F54191B72}.Release|x86.ActiveCfg = Release|Any CPU
		{3A0F25A6-9CC9-4077-A94A-959F54191B72}.Release|x86.Build.0 = Release|Any CPU
	EndGlobalSection
EndGlobal
