
Microsoft Visual Studio Solution File, Format Version 12.00
# Visual Studio 15
VisualStudioVersion = 15.0.26124.0
MinimumVisualStudioVersion = 15.0.26124.0
Project("{FAE04EC0-301F-11D3-BF4B-00C04F79EFBC}") = "CalcultriceDelegate", "src\CalcultriceDelegate.csproj", "{EB2E9C45-78D6-42A3-9611-4CACFF19326F}"
EndProject
Project("{FAE04EC0-301F-11D3-BF4B-00C04F79EFBC}") = "CalcultriceDelegate.Tests", "test\CalcultriceDelegate.Tests.csproj", "{D685A472-1F6E-4275-94A1-34237C231EA3}"
EndProject
Global
	GlobalSection(SolutionConfigurationPlatforms) = preSolution
		Debug|Any CPU = Debug|Any CPU
		Debug|x64 = Debug|x64
		Debug|x86 = Debug|x86
		Release|Any CPU = Release|Any CPU
		Release|x64 = Release|x64
		Release|x86 = Release|x86
	EndGlobalSection
	GlobalSection(SolutionProperties) = preSolution
		HideSolutionNode = FALSE
	EndGlobalSection
	GlobalSection(ProjectConfigurationPlatforms) = postSolution
		{EB2E9C45-78D6-42A3-9611-4CACFF19326F}.Debug|Any CPU.ActiveCfg = Debug|Any CPU
		{EB2E9C45-78D6-42A3-9611-4CACFF19326F}.Debug|Any CPU.Build.0 = Debug|Any CPU
		{EB2E9C45-78D6-42A3-9611-4CACFF19326F}.Debug|x64.ActiveCfg = Debug|Any CPU
		{EB2E9C45-78D6-42A3-9611-4CACFF19326F}.Debug|x64.Build.0 = Debug|Any CPU
		{EB2E9C45-78D6-42A3-9611-4CACFF19326F}.Debug|x86.ActiveCfg = Debug|Any CPU
		{EB2E9C45-78D6-42A3-9611-4CACFF19326F}.Debug|x86.Build.0 = Debug|Any CPU
		{EB2E9C45-78D6-42A3-9611-4CACFF19326F}.Release|Any CPU.ActiveCfg = Release|Any CPU
		{EB2E9C45-78D6-42A3-9611-4CACFF19326F}.Release|Any CPU.Build.0 = Release|Any CPU
		{EB2E9C45-78D6-42A3-9611-4CACFF19326F}.Release|x64.ActiveCfg = Release|Any CPU
		{EB2E9C45-78D6-42A3-9611-4CACFF19326F}.Release|x64.Build.0 = Release|Any CPU
		{EB2E9C45-78D6-42A3-9611-4CACFF19326F}.Release|x86.ActiveCfg = Release|Any CPU
		{EB2E9C45-78D6-42A3-9611-4CACFF19326F}.Release|x86.Build.0 = Release|Any CPU
		{D685A472-1F6E-4275-94A1-34237C231EA3}.Debug|Any CPU.ActiveCfg = Debug|Any CPU
		{D685A472-1F6E-4275-94A1-34237C231EA3}.Debug|Any CPU.Build.0 = Debug|Any CPU
		{D685A472-1F6E-4275-94A1-34237C231EA3}.Debug|x64.ActiveCfg = Debug|Any CPU
		{D685A472-1F6E-4275-94A1-34237C231EA3}.Debug|x64.Build.0 = Debug|Any CPU
		{D685A472-1F6E-4275-94A1-34237C231EA3}.Debug|x86.ActiveCfg = Debug|Any CPU
		{D685A472-1F6E-4275-94A1-34237C231EA3}.Debug|x86.Build.0 = Debug|Any CPU
		{D685A472-1F6E-4275-94A1-34237C231EA3}.Release|Any CPU.ActiveCfg = Release|Any CPU
		{D685A472-1F6E-4275-94A1-34237C231EA3}.Release|Any CPU.Build.0 = Release|Any CPU
		{D685A472-1F6E-4275-94A1-34237C231EA3}.Release|x64.ActiveCfg = Release|Any CPU
		{D685A472-1F6E-4275-94A1-34237C231EA3}.Release|x64.Build.0 = Release|Any CPU
		{D685A472-1F6E-4275-94A1-34237C231EA3}.Release|x86.ActiveCfg = Release|Any CPU
		{D685A472-1F6E-4275-94A1-34237C231EA3}.Release|x86.Build.0 = Release|Any CPU
	EndGlobalSection
EndGlobal
